
Microsoft Visual Studio Solution File, Format Version 12.00
# Visual Studio 14
VisualStudioVersion = 14.0.23107.0
MinimumVisualStudioVersion = 10.0.40219.1
Project("{2150E333-8FDC-42A3-9474-1A3956D46DE8}") = "Source", "Source", "{B303410E-DCDB-4267-A965-90E656926F14}"
EndProject
Project("{2150E333-8FDC-42A3-9474-1A3956D46DE8}") = "AccesoDatos", "AccesoDatos", "{AD1A6CC0-604C-421A-A981-95CFADB5F8A3}"
EndProject
Project("{2150E333-8FDC-42A3-9474-1A3956D46DE8}") = "AccesoDatos", "AccesoDatos", "{1D3211B0-C684-4C3F-AC72-39E7C598B6F1}"
EndProject
Project("{FAE04EC0-301F-11D3-BF4B-00C04F79EFBC}") = "VisorPub", "VisorPub\VisorPub.csproj", "{13A3CFC7-EC67-4076-B74D-1CC028D183C9}"
EndProject
Project("{FAE04EC0-301F-11D3-BF4B-00C04F79EFBC}") = "ADPostgres", "ADPostgres\ADPostgres.csproj", "{9B5A7318-DBE7-4290-AC37-41E458168D53}"
EndProject
Project("{FAE04EC0-301F-11D3-BF4B-00C04F79EFBC}") = "EPostgres", "EPostgres\EPostgres.csproj", "{06C5F304-A821-45DF-9343-C6D7721C37CA}"
EndProject
Project("{FAE04EC0-301F-11D3-BF4B-00C04F79EFBC}") = "Seguridad", "Seguridad\Seguridad.csproj", "{8AF29B64-5F20-4C95-A550-B95E2E7A09C2}"
EndProject
Project("{FAE04EC0-301F-11D3-BF4B-00C04F79EFBC}") = "ADSql", "ADSql\ADSql.csproj", "{8AD34E3A-B188-47DD-9764-5A484C22E8E7}"
EndProject
Project("{FAE04EC0-301F-11D3-BF4B-00C04F79EFBC}") = "ESql", "ESql\ESql.csproj", "{5DB4EB33-1620-46CC-8455-673CFAF81141}"
EndProject
Project("{2150E333-8FDC-42A3-9474-1A3956D46DE8}") = "Client", "Client", "{8CB5F90F-9A70-4EA9-BAF9-E379AD4D5BB2}"
EndProject
Project("{2150E333-8FDC-42A3-9474-1A3956D46DE8}") = "PostgreSQL", "PostgreSQL", "{28556526-F7B1-44BE-86FA-E7EC7C07E3FF}"
EndProject
Project("{2150E333-8FDC-42A3-9474-1A3956D46DE8}") = "EntidadesNegocio", "EntidadesNegocio", "{78852E4C-4D1E-453D-AC9D-0086542D22D7}"
EndProject
Project("{2150E333-8FDC-42A3-9474-1A3956D46DE8}") = "LogicaNegocio", "LogicaNegocio", "{14E0304A-A6A8-4419-9652-D317C198BA7C}"
EndProject
Project("{2150E333-8FDC-42A3-9474-1A3956D46DE8}") = "SQL Server", "SQL Server", "{2A0BBA48-994A-4E1D-BF63-82D15B5A672E}"
EndProject
Project("{2150E333-8FDC-42A3-9474-1A3956D46DE8}") = "EntidadesNegocio", "EntidadesNegocio", "{651E6214-0544-4FD4-867F-11DB590A3F31}"
EndProject
Project("{FAE04EC0-301F-11D3-BF4B-00C04F79EFBC}") = "LNPostgres", "LNPostgres\LNPostgres.csproj", "{E5737272-B4C8-4BD9-B738-1CD96164810B}"
EndProject
Global
	GlobalSection(SolutionConfigurationPlatforms) = preSolution
		Debug|Any CPU = Debug|Any CPU
		Release|Any CPU = Release|Any CPU
	EndGlobalSection
	GlobalSection(ProjectConfigurationPlatforms) = postSolution
		{13A3CFC7-EC67-4076-B74D-1CC028D183C9}.Debug|Any CPU.ActiveCfg = Debug|Any CPU
		{13A3CFC7-EC67-4076-B74D-1CC028D183C9}.Debug|Any CPU.Build.0 = Debug|Any CPU
		{13A3CFC7-EC67-4076-B74D-1CC028D183C9}.Release|Any CPU.ActiveCfg = Release|Any CPU
		{13A3CFC7-EC67-4076-B74D-1CC028D183C9}.Release|Any CPU.Build.0 = Release|Any CPU
		{9B5A7318-DBE7-4290-AC37-41E458168D53}.Debug|Any CPU.ActiveCfg = Debug|Any CPU
		{9B5A7318-DBE7-4290-AC37-41E458168D53}.Debug|Any CPU.Build.0 = Debug|Any CPU
		{9B5A7318-DBE7-4290-AC37-41E458168D53}.Release|Any CPU.ActiveCfg = Release|Any CPU
		{9B5A7318-DBE7-4290-AC37-41E458168D53}.Release|Any CPU.Build.0 = Release|Any CPU
		{06C5F304-A821-45DF-9343-C6D7721C37CA}.Debug|Any CPU.ActiveCfg = Debug|Any CPU
		{06C5F304-A821-45DF-9343-C6D7721C37CA}.Debug|Any CPU.Build.0 = Debug|Any CPU
		{06C5F304-A821-45DF-9343-C6D7721C37CA}.Release|Any CPU.ActiveCfg = Release|Any CPU
		{06C5F304-A821-45DF-9343-C6D7721C37CA}.Release|Any CPU.Build.0 = Release|Any CPU
		{8AF29B64-5F20-4C95-A550-B95E2E7A09C2}.Debug|Any CPU.ActiveCfg = Debug|Any CPU
		{8AF29B64-5F20-4C95-A550-B95E2E7A09C2}.Debug|Any CPU.Build.0 = Debug|Any CPU
		{8AF29B64-5F20-4C95-A550-B95E2E7A09C2}.Release|Any CPU.ActiveCfg = Release|Any CPU
		{8AF29B64-5F20-4C95-A550-B95E2E7A09C2}.Release|Any CPU.Build.0 = Release|Any CPU
		{8AD34E3A-B188-47DD-9764-5A484C22E8E7}.Debug|Any CPU.ActiveCfg = Debug|Any CPU
		{8AD34E3A-B188-47DD-9764-5A484C22E8E7}.Debug|Any CPU.Build.0 = Debug|Any CPU
		{8AD34E3A-B188-47DD-9764-5A484C22E8E7}.Release|Any CPU.ActiveCfg = Release|Any CPU
		{8AD34E3A-B188-47DD-9764-5A484C22E8E7}.Release|Any CPU.Build.0 = Release|Any CPU
		{5DB4EB33-1620-46CC-8455-673CFAF81141}.Debug|Any CPU.ActiveCfg = Debug|Any CPU
		{5DB4EB33-1620-46CC-8455-673CFAF81141}.Debug|Any CPU.Build.0 = Debug|Any CPU
		{5DB4EB33-1620-46CC-8455-673CFAF81141}.Release|Any CPU.ActiveCfg = Release|Any CPU
		{5DB4EB33-1620-46CC-8455-673CFAF81141}.Release|Any CPU.Build.0 = Release|Any CPU
		{E5737272-B4C8-4BD9-B738-1CD96164810B}.Debug|Any CPU.ActiveCfg = Debug|Any CPU
		{E5737272-B4C8-4BD9-B738-1CD96164810B}.Debug|Any CPU.Build.0 = Debug|Any CPU
		{E5737272-B4C8-4BD9-B738-1CD96164810B}.Release|Any CPU.ActiveCfg = Release|Any CPU
		{E5737272-B4C8-4BD9-B738-1CD96164810B}.Release|Any CPU.Build.0 = Release|Any CPU
	EndGlobalSection
	GlobalSection(SolutionProperties) = preSolution
		HideSolutionNode = FALSE
	EndGlobalSection
	GlobalSection(NestedProjects) = preSolution
		{AD1A6CC0-604C-421A-A981-95CFADB5F8A3} = {28556526-F7B1-44BE-86FA-E7EC7C07E3FF}
		{1D3211B0-C684-4C3F-AC72-39E7C598B6F1} = {2A0BBA48-994A-4E1D-BF63-82D15B5A672E}
		{13A3CFC7-EC67-4076-B74D-1CC028D183C9} = {8CB5F90F-9A70-4EA9-BAF9-E379AD4D5BB2}
		{9B5A7318-DBE7-4290-AC37-41E458168D53} = {AD1A6CC0-604C-421A-A981-95CFADB5F8A3}
		{06C5F304-A821-45DF-9343-C6D7721C37CA} = {78852E4C-4D1E-453D-AC9D-0086542D22D7}
		{8AF29B64-5F20-4C95-A550-B95E2E7A09C2} = {8CB5F90F-9A70-4EA9-BAF9-E379AD4D5BB2}
		{8AD34E3A-B188-47DD-9764-5A484C22E8E7} = {1D3211B0-C684-4C3F-AC72-39E7C598B6F1}
		{5DB4EB33-1620-46CC-8455-673CFAF81141} = {651E6214-0544-4FD4-867F-11DB590A3F31}
		{28556526-F7B1-44BE-86FA-E7EC7C07E3FF} = {B303410E-DCDB-4267-A965-90E656926F14}
		{78852E4C-4D1E-453D-AC9D-0086542D22D7} = {28556526-F7B1-44BE-86FA-E7EC7C07E3FF}
		{14E0304A-A6A8-4419-9652-D317C198BA7C} = {28556526-F7B1-44BE-86FA-E7EC7C07E3FF}
		{2A0BBA48-994A-4E1D-BF63-82D15B5A672E} = {B303410E-DCDB-4267-A965-90E656926F14}
		{651E6214-0544-4FD4-867F-11DB590A3F31} = {2A0BBA48-994A-4E1D-BF63-82D15B5A672E}
		{E5737272-B4C8-4BD9-B738-1CD96164810B} = {14E0304A-A6A8-4419-9652-D317C198BA7C}
	EndGlobalSection
EndGlobal
