
Microsoft Visual Studio Solution File, Format Version 12.00
# Visual Studio 2012
Project("{FAE04EC0-301F-11D3-BF4B-00C04F79EFBC}") = "VisorPub", "VisorPub\VisorPub.csproj", "{13A3CFC7-EC67-4076-B74D-1CC028D183C9}"
EndProject
Project("{FAE04EC0-301F-11D3-BF4B-00C04F79EFBC}") = "ADPostgres", "ADPostgres\ADPostgres.csproj", "{9B5A7318-DBE7-4290-AC37-41E458168D53}"
EndProject
Project("{FAE04EC0-301F-11D3-BF4B-00C04F79EFBC}") = "EPostgres", "EPostgres\EPostgres.csproj", "{06C5F304-A821-45DF-9343-C6D7721C37CA}"
EndProject
Project("{FAE04EC0-301F-11D3-BF4B-00C04F79EFBC}") = "Seguridad", "Seguridad\Seguridad.csproj", "{8AF29B64-5F20-4C95-A550-B95E2E7A09C2}"
EndProject
Project("{FAE04EC0-301F-11D3-BF4B-00C04F79EFBC}") = "ADSql", "ADSql\ADSql.csproj", "{8AD34E3A-B188-47DD-9764-5A484C22E8E7}"
EndProject
Project("{FAE04EC0-301F-11D3-BF4B-00C04F79EFBC}") = "ESql", "ESql\ESql.csproj", "{5DB4EB33-1620-46CC-8455-673CFAF81141}"
EndProject
Project("{2150E333-8FDC-42A3-9474-1A3956D46DE8}") = "Backend", "Backend", "{B303410E-DCDB-4267-A965-90E656926F14}"
EndProject
Project("{2150E333-8FDC-42A3-9474-1A3956D46DE8}") = "PostGres", "PostGres", "{AD1A6CC0-604C-421A-A981-95CFADB5F8A3}"
EndProject
Project("{2150E333-8FDC-42A3-9474-1A3956D46DE8}") = "Sql", "Sql", "{1D3211B0-C684-4C3F-AC72-39E7C598B6F1}"
EndProject
Global
	GlobalSection(SolutionConfigurationPlatforms) = preSolution
		Debug|Any CPU = Debug|Any CPU
		Release|Any CPU = Release|Any CPU
	EndGlobalSection
	GlobalSection(ProjectConfigurationPlatforms) = postSolution
		{13A3CFC7-EC67-4076-B74D-1CC028D183C9}.Debug|Any CPU.ActiveCfg = Debug|Any CPU
		{13A3CFC7-EC67-4076-B74D-1CC028D183C9}.Debug|Any CPU.Build.0 = Debug|Any CPU
		{13A3CFC7-EC67-4076-B74D-1CC028D183C9}.Release|Any CPU.ActiveCfg = Release|Any CPU
		{13A3CFC7-EC67-4076-B74D-1CC028D183C9}.Release|Any CPU.Build.0 = Release|Any CPU
		{9B5A7318-DBE7-4290-AC37-41E458168D53}.Debug|Any CPU.ActiveCfg = Debug|Any CPU
		{9B5A7318-DBE7-4290-AC37-41E458168D53}.Debug|Any CPU.Build.0 = Debug|Any CPU
		{9B5A7318-DBE7-4290-AC37-41E458168D53}.Release|Any CPU.ActiveCfg = Release|Any CPU
		{9B5A7318-DBE7-4290-AC37-41E458168D53}.Release|Any CPU.Build.0 = Release|Any CPU
		{06C5F304-A821-45DF-9343-C6D7721C37CA}.Debug|Any CPU.ActiveCfg = Debug|Any CPU
		{06C5F304-A821-45DF-9343-C6D7721C37CA}.Debug|Any CPU.Build.0 = Debug|Any CPU
		{06C5F304-A821-45DF-9343-C6D7721C37CA}.Release|Any CPU.ActiveCfg = Release|Any CPU
		{06C5F304-A821-45DF-9343-C6D7721C37CA}.Release|Any CPU.Build.0 = Release|Any CPU
		{8AF29B64-5F20-4C95-A550-B95E2E7A09C2}.Debug|Any CPU.ActiveCfg = Debug|Any CPU
		{8AF29B64-5F20-4C95-A550-B95E2E7A09C2}.Debug|Any CPU.Build.0 = Debug|Any CPU
		{8AF29B64-5F20-4C95-A550-B95E2E7A09C2}.Release|Any CPU.ActiveCfg = Release|Any CPU
		{8AF29B64-5F20-4C95-A550-B95E2E7A09C2}.Release|Any CPU.Build.0 = Release|Any CPU
		{8AD34E3A-B188-47DD-9764-5A484C22E8E7}.Debug|Any CPU.ActiveCfg = Debug|Any CPU
		{8AD34E3A-B188-47DD-9764-5A484C22E8E7}.Debug|Any CPU.Build.0 = Debug|Any CPU
		{8AD34E3A-B188-47DD-9764-5A484C22E8E7}.Release|Any CPU.ActiveCfg = Release|Any CPU
		{8AD34E3A-B188-47DD-9764-5A484C22E8E7}.Release|Any CPU.Build.0 = Release|Any CPU
		{5DB4EB33-1620-46CC-8455-673CFAF81141}.Debug|Any CPU.ActiveCfg = Debug|Any CPU
		{5DB4EB33-1620-46CC-8455-673CFAF81141}.Debug|Any CPU.Build.0 = Debug|Any CPU
		{5DB4EB33-1620-46CC-8455-673CFAF81141}.Release|Any CPU.ActiveCfg = Release|Any CPU
		{5DB4EB33-1620-46CC-8455-673CFAF81141}.Release|Any CPU.Build.0 = Release|Any CPU
	EndGlobalSection
	GlobalSection(SolutionProperties) = preSolution
		HideSolutionNode = FALSE
	EndGlobalSection
	GlobalSection(NestedProjects) = preSolution
		{8AF29B64-5F20-4C95-A550-B95E2E7A09C2} = {B303410E-DCDB-4267-A965-90E656926F14}
		{AD1A6CC0-604C-421A-A981-95CFADB5F8A3} = {B303410E-DCDB-4267-A965-90E656926F14}
		{1D3211B0-C684-4C3F-AC72-39E7C598B6F1} = {B303410E-DCDB-4267-A965-90E656926F14}
		{9B5A7318-DBE7-4290-AC37-41E458168D53} = {AD1A6CC0-604C-421A-A981-95CFADB5F8A3}
		{06C5F304-A821-45DF-9343-C6D7721C37CA} = {AD1A6CC0-604C-421A-A981-95CFADB5F8A3}
		{8AD34E3A-B188-47DD-9764-5A484C22E8E7} = {1D3211B0-C684-4C3F-AC72-39E7C598B6F1}
		{5DB4EB33-1620-46CC-8455-673CFAF81141} = {1D3211B0-C684-4C3F-AC72-39E7C598B6F1}
	EndGlobalSection
EndGlobal
